
Microsoft Visual Studio Solution File, Format Version 11.00
# Visual Studio 2010
Project("{FAE04EC0-301F-11D3-BF4B-00C04F79EFBC}") = "Src", "Src.csproj", "{8156309E-1156-45DF-9E86-B0AF43FF636D}"
EndProject
Project("{FAE04EC0-301F-11D3-BF4B-00C04F79EFBC}") = "Src.Tests", "..\Src.Tests\Src.Tests.csproj", "{F1768189-DCD0-4D7C-AAAD-15C6C3747039}"
EndProject
Project("{2150E333-8FDC-42A3-9474-1A3956D46DE8}") = "Solution Items", "Solution Items", "{C46F01C1-D365-4D0F-B4F3-174254757DA2}"
	ProjectSection(SolutionItems) = preProject
		Local.testsettings = Local.testsettings
		Src.vsmdi = Src.vsmdi
		Src1.vsmdi = Src1.vsmdi
		TraceAndTestImpact.testsettings = TraceAndTestImpact.testsettings
	EndProjectSection
EndProject
Project("{FAE04EC0-301F-11D3-BF4B-00C04F79EFBC}") = "Src.Sample", "..\Src.Sample\Src.Sample.csproj", "{70DC1718-A114-4711-83DC-495AE3AE1124}"
EndProject
Global
	GlobalSection(TestCaseManagementSettings) = postSolution
		CategoryFile = Src1.vsmdi
	EndGlobalSection
	GlobalSection(SolutionConfigurationPlatforms) = preSolution
		Debug|Any CPU = Debug|Any CPU
		Debug|Mixed Platforms = Debug|Mixed Platforms
		Debug|x86 = Debug|x86
		Release|Any CPU = Release|Any CPU
		Release|Mixed Platforms = Release|Mixed Platforms
		Release|x86 = Release|x86
	EndGlobalSection
	GlobalSection(ProjectConfigurationPlatforms) = postSolution
		{8156309E-1156-45DF-9E86-B0AF43FF636D}.Debug|Any CPU.ActiveCfg = Debug|Any CPU
		{8156309E-1156-45DF-9E86-B0AF43FF636D}.Debug|Any CPU.Build.0 = Debug|Any CPU
		{8156309E-1156-45DF-9E86-B0AF43FF636D}.Debug|Mixed Platforms.ActiveCfg = Debug|Any CPU
		{8156309E-1156-45DF-9E86-B0AF43FF636D}.Debug|Mixed Platforms.Build.0 = Debug|Any CPU
		{8156309E-1156-45DF-9E86-B0AF43FF636D}.Debug|x86.ActiveCfg = Debug|Any CPU
		{8156309E-1156-45DF-9E86-B0AF43FF636D}.Release|Any CPU.ActiveCfg = Release|Any CPU
		{8156309E-1156-45DF-9E86-B0AF43FF636D}.Release|Any CPU.Build.0 = Release|Any CPU
		{8156309E-1156-45DF-9E86-B0AF43FF636D}.Release|Mixed Platforms.ActiveCfg = Release|Any CPU
		{8156309E-1156-45DF-9E86-B0AF43FF636D}.Release|Mixed Platforms.Build.0 = Release|Any CPU
		{8156309E-1156-45DF-9E86-B0AF43FF636D}.Release|x86.ActiveCfg = Release|Any CPU
		{F1768189-DCD0-4D7C-AAAD-15C6C3747039}.Debug|Any CPU.ActiveCfg = Debug|Any CPU
		{F1768189-DCD0-4D7C-AAAD-15C6C3747039}.Debug|Any CPU.Build.0 = Debug|Any CPU
		{F1768189-DCD0-4D7C-AAAD-15C6C3747039}.Debug|Mixed Platforms.ActiveCfg = Debug|Any CPU
		{F1768189-DCD0-4D7C-AAAD-15C6C3747039}.Debug|Mixed Platforms.Build.0 = Debug|Any CPU
		{F1768189-DCD0-4D7C-AAAD-15C6C3747039}.Debug|x86.ActiveCfg = Debug|Any CPU
		{F1768189-DCD0-4D7C-AAAD-15C6C3747039}.Release|Any CPU.ActiveCfg = Release|Any CPU
		{F1768189-DCD0-4D7C-AAAD-15C6C3747039}.Release|Any CPU.Build.0 = Release|Any CPU
		{F1768189-DCD0-4D7C-AAAD-15C6C3747039}.Release|Mixed Platforms.ActiveCfg = Release|Any CPU
		{F1768189-DCD0-4D7C-AAAD-15C6C3747039}.Release|Mixed Platforms.Build.0 = Release|Any CPU
		{F1768189-DCD0-4D7C-AAAD-15C6C3747039}.Release|x86.ActiveCfg = Release|Any CPU
		{70DC1718-A114-4711-83DC-495AE3AE1124}.Debug|Any CPU.ActiveCfg = Debug|x86
		{70DC1718-A114-4711-83DC-495AE3AE1124}.Debug|Mixed Platforms.ActiveCfg = Debug|x86
		{70DC1718-A114-4711-83DC-495AE3AE1124}.Debug|Mixed Platforms.Build.0 = Debug|x86
		{70DC1718-A114-4711-83DC-495AE3AE1124}.Debug|x86.ActiveCfg = Debug|x86
		{70DC1718-A114-4711-83DC-495AE3AE1124}.Debug|x86.Build.0 = Debug|x86
		{70DC1718-A114-4711-83DC-495AE3AE1124}.Release|Any CPU.ActiveCfg = Release|x86
		{70DC1718-A114-4711-83DC-495AE3AE1124}.Release|Mixed Platforms.ActiveCfg = Release|x86
		{70DC1718-A114-4711-83DC-495AE3AE1124}.Release|Mixed Platforms.Build.0 = Release|x86
		{70DC1718-A114-4711-83DC-495AE3AE1124}.Release|x86.ActiveCfg = Release|x86
		{70DC1718-A114-4711-83DC-495AE3AE1124}.Release|x86.Build.0 = Release|x86
	EndGlobalSection
	GlobalSection(SolutionProperties) = preSolution
		HideSolutionNode = FALSE
	EndGlobalSection
EndGlobal
